
Microsoft Visual Studio Solution File, Format Version 12.00
# Visual Studio Version 17
VisualStudioVersion = 17.0.32112.339
MinimumVisualStudioVersion = 10.0.40219.1
Project("{9A19103F-16F7-4668-BE54-9A1E7A4F7556}") = "Utility", "Utility\Utility.csproj", "{BB1E3096-3ED2-4B22-B20D-1A664313FB80}"
EndProject
Project("{9A19103F-16F7-4668-BE54-9A1E7A4F7556}") = "Abp.Domian", "Abp.Domian\Abp.Domian.csproj", "{C8A51726-09E4-4350-BD9A-7DA3C9E1105E}"
EndProject
Project("{9A19103F-16F7-4668-BE54-9A1E7A4F7556}") = "Abp.Applictaion", "Abp.Applictaion\Abp.Applictaion.csproj", "{CA19E066-4C77-4345-B065-42984B5A34FE}"
EndProject
Project("{9A19103F-16F7-4668-BE54-9A1E7A4F7556}") = "Abp.Web", "Abp.Web\Abp.Web.csproj", "{A0327130-1841-4902-B439-25B3C337A7D2}"
EndProject
Project("{9A19103F-16F7-4668-BE54-9A1E7A4F7556}") = "MyAbp.EntityFrameworkCore", "MyAbp.EntityFrameworkCore\MyAbp.EntityFrameworkCore.csproj", "{BE085630-E978-4606-8081-2557C3C08E86}"
EndProject
Project("{9A19103F-16F7-4668-BE54-9A1E7A4F7556}") = "GatewayDemo", "GatewayDemo\GatewayDemo.csproj", "{8D99249D-6AFA-4139-8272-06A6B69F1129}"
EndProject
Project("{9A19103F-16F7-4668-BE54-9A1E7A4F7556}") = "AuthenticationCenter", "AuthenticationCenter\AuthenticationCenter.csproj", "{4E4BDA46-2EE0-45EE-AA77-441954C3DE2C}"
EndProject
Global
	GlobalSection(SolutionConfigurationPlatforms) = preSolution
		Debug|Any CPU = Debug|Any CPU
		Release|Any CPU = Release|Any CPU
	EndGlobalSection
	GlobalSection(ProjectConfigurationPlatforms) = postSolution
		{BB1E3096-3ED2-4B22-B20D-1A664313FB80}.Debug|Any CPU.ActiveCfg = Debug|Any CPU
		{BB1E3096-3ED2-4B22-B20D-1A664313FB80}.Debug|Any CPU.Build.0 = Debug|Any CPU
		{BB1E3096-3ED2-4B22-B20D-1A664313FB80}.Release|Any CPU.ActiveCfg = Release|Any CPU
		{BB1E3096-3ED2-4B22-B20D-1A664313FB80}.Release|Any CPU.Build.0 = Release|Any CPU
		{C8A51726-09E4-4350-BD9A-7DA3C9E1105E}.Debug|Any CPU.ActiveCfg = Debug|Any CPU
		{C8A51726-09E4-4350-BD9A-7DA3C9E1105E}.Debug|Any CPU.Build.0 = Debug|Any CPU
		{C8A51726-09E4-4350-BD9A-7DA3C9E1105E}.Release|Any CPU.ActiveCfg = Release|Any CPU
		{C8A51726-09E4-4350-BD9A-7DA3C9E1105E}.Release|Any CPU.Build.0 = Release|Any CPU
		{CA19E066-4C77-4345-B065-42984B5A34FE}.Debug|Any CPU.ActiveCfg = Debug|Any CPU
		{CA19E066-4C77-4345-B065-42984B5A34FE}.Debug|Any CPU.Build.0 = Debug|Any CPU
		{CA19E066-4C77-4345-B065-42984B5A34FE}.Release|Any CPU.ActiveCfg = Release|Any CPU
		{CA19E066-4C77-4345-B065-42984B5A34FE}.Release|Any CPU.Build.0 = Release|Any CPU
		{A0327130-1841-4902-B439-25B3C337A7D2}.Debug|Any CPU.ActiveCfg = Debug|Any CPU
		{A0327130-1841-4902-B439-25B3C337A7D2}.Debug|Any CPU.Build.0 = Debug|Any CPU
		{A0327130-1841-4902-B439-25B3C337A7D2}.Release|Any CPU.ActiveCfg = Release|Any CPU
		{A0327130-1841-4902-B439-25B3C337A7D2}.Release|Any CPU.Build.0 = Release|Any CPU
		{BE085630-E978-4606-8081-2557C3C08E86}.Debug|Any CPU.ActiveCfg = Debug|Any CPU
		{BE085630-E978-4606-8081-2557C3C08E86}.Debug|Any CPU.Build.0 = Debug|Any CPU
		{BE085630-E978-4606-8081-2557C3C08E86}.Release|Any CPU.ActiveCfg = Release|Any CPU
		{BE085630-E978-4606-8081-2557C3C08E86}.Release|Any CPU.Build.0 = Release|Any CPU
		{8D99249D-6AFA-4139-8272-06A6B69F1129}.Debug|Any CPU.ActiveCfg = Debug|Any CPU
		{8D99249D-6AFA-4139-8272-06A6B69F1129}.Debug|Any CPU.Build.0 = Debug|Any CPU
		{8D99249D-6AFA-4139-8272-06A6B69F1129}.Release|Any CPU.ActiveCfg = Release|Any CPU
		{8D99249D-6AFA-4139-8272-06A6B69F1129}.Release|Any CPU.Build.0 = Release|Any CPU
		{4E4BDA46-2EE0-45EE-AA77-441954C3DE2C}.Debug|Any CPU.ActiveCfg = Debug|Any CPU
		{4E4BDA46-2EE0-45EE-AA77-441954C3DE2C}.Debug|Any CPU.Build.0 = Debug|Any CPU
		{4E4BDA46-2EE0-45EE-AA77-441954C3DE2C}.Release|Any CPU.ActiveCfg = Release|Any CPU
		{4E4BDA46-2EE0-45EE-AA77-441954C3DE2C}.Release|Any CPU.Build.0 = Release|Any CPU
	EndGlobalSection
	GlobalSection(SolutionProperties) = preSolution
		HideSolutionNode = FALSE
	EndGlobalSection
	GlobalSection(ExtensibilityGlobals) = postSolution
		SolutionGuid = {8E40DD1D-9B72-4091-8712-BD4083599F5C}
	EndGlobalSection
EndGlobal
